// !$*UTF8*$!
{
	archiveVersion = 1;
	classes = {
	};
	objectVersion = 46;
	objects = {

/* Begin PBXBuildFile section */
		281DC63219D0FE6800943CFF /* FilterViewController.swift in Sources */ = {isa = PBXBuildFile; fileRef = 281DC63119D0FE6800943CFF /* FilterViewController.swift */; };
		2875AFE119CD8707000BAF46 /* YelpCell.swift in Sources */ = {isa = PBXBuildFile; fileRef = 2875AFE019CD8707000BAF46 /* YelpCell.swift */; };
		28A81FA119CD676500FCB1C2 /* AppDelegate.swift in Sources */ = {isa = PBXBuildFile; fileRef = 28A81FA019CD676500FCB1C2 /* AppDelegate.swift */; };
		28A81FA319CD676500FCB1C2 /* ViewController.swift in Sources */ = {isa = PBXBuildFile; fileRef = 28A81FA219CD676500FCB1C2 /* ViewController.swift */; };
		28A81FA619CD676500FCB1C2 /* Main.storyboard in Resources */ = {isa = PBXBuildFile; fileRef = 28A81FA419CD676500FCB1C2 /* Main.storyboard */; };
		28A81FA819CD676500FCB1C2 /* Images.xcassets in Resources */ = {isa = PBXBuildFile; fileRef = 28A81FA719CD676500FCB1C2 /* Images.xcassets */; };
		28A81FAB19CD676500FCB1C2 /* LaunchScreen.xib in Resources */ = {isa = PBXBuildFile; fileRef = 28A81FA919CD676500FCB1C2 /* LaunchScreen.xib */; };
		28A81FB719CD676500FCB1C2 /* Simple_Yelp_ClientTests.swift in Sources */ = {isa = PBXBuildFile; fileRef = 28A81FB619CD676500FCB1C2 /* Simple_Yelp_ClientTests.swift */; };
		28AAB6F919CD6B3C001AF43D /* YelpClient.swift in Sources */ = {isa = PBXBuildFile; fileRef = 28AAB6F819CD6B3C001AF43D /* YelpClient.swift */; };
		28F17CEC19D1598E00FB4D6F /* SortByCell.swift in Sources */ = {isa = PBXBuildFile; fileRef = 28F17CEB19D1598E00FB4D6F /* SortByCell.swift */; };
		28F17CEE19D2373600FB4D6F /* SearchFilters.swift in Sources */ = {isa = PBXBuildFile; fileRef = 28F17CED19D2373600FB4D6F /* SearchFilters.swift */; };
		28F17CF219D24B6C00FB4D6F /* RadiusCell.swift in Sources */ = {isa = PBXBuildFile; fileRef = 28F17CF119D24B6C00FB4D6F /* RadiusCell.swift */; };
		28F17CF419D24B8D00FB4D6F /* DealCell.swift in Sources */ = {isa = PBXBuildFile; fileRef = 28F17CF319D24B8D00FB4D6F /* DealCell.swift */; };
		867EC72344B440C589B252F5 /* libPods-Simple Yelp Client.a in Frameworks */ = {isa = PBXBuildFile; fileRef = F85D6CEA9D4F4014BDF3605A /* libPods-Simple Yelp Client.a */; };
/* End PBXBuildFile section */

/* Begin PBXContainerItemProxy section */
		28A81FB119CD676500FCB1C2 /* PBXContainerItemProxy */ = {
			isa = PBXContainerItemProxy;
			containerPortal = 28A81F9319CD676500FCB1C2 /* Project object */;
			proxyType = 1;
			remoteGlobalIDString = 28A81F9A19CD676500FCB1C2;
			remoteInfo = "Simple Yelp Client";
		};
/* End PBXContainerItemProxy section */

/* Begin PBXFileReference section */
		281DC63119D0FE6800943CFF /* FilterViewController.swift */ = {isa = PBXFileReference; fileEncoding = 4; lastKnownFileType = sourcecode.swift; path = FilterViewController.swift; sourceTree = "<group>"; };
		2875AFE019CD8707000BAF46 /* YelpCell.swift */ = {isa = PBXFileReference; fileEncoding = 4; lastKnownFileType = sourcecode.swift; path = YelpCell.swift; sourceTree = "<group>"; };
		28A81F9B19CD676500FCB1C2 /* Simple Yelp Client.app */ = {isa = PBXFileReference; explicitFileType = wrapper.application; includeInIndex = 0; path = "Simple Yelp Client.app"; sourceTree = BUILT_PRODUCTS_DIR; };
		28A81F9F19CD676500FCB1C2 /* Info.plist */ = {isa = PBXFileReference; lastKnownFileType = text.plist.xml; path = Info.plist; sourceTree = "<group>"; };
		28A81FA019CD676500FCB1C2 /* AppDelegate.swift */ = {isa = PBXFileReference; lastKnownFileType = sourcecode.swift; path = AppDelegate.swift; sourceTree = "<group>"; };
		28A81FA219CD676500FCB1C2 /* ViewController.swift */ = {isa = PBXFileReference; lastKnownFileType = sourcecode.swift; path = ViewController.swift; sourceTree = "<group>"; };
		28A81FA519CD676500FCB1C2 /* Base */ = {isa = PBXFileReference; lastKnownFileType = file.storyboard; name = Base; path = Base.lproj/Main.storyboard; sourceTree = "<group>"; };
		28A81FA719CD676500FCB1C2 /* Images.xcassets */ = {isa = PBXFileReference; lastKnownFileType = folder.assetcatalog; path = Images.xcassets; sourceTree = "<group>"; };
		28A81FAA19CD676500FCB1C2 /* Base */ = {isa = PBXFileReference; lastKnownFileType = file.xib; name = Base; path = Base.lproj/LaunchScreen.xib; sourceTree = "<group>"; };
		28A81FB019CD676500FCB1C2 /* Simple Yelp ClientTests.xctest */ = {isa = PBXFileReference; explicitFileType = wrapper.cfbundle; includeInIndex = 0; path = "Simple Yelp ClientTests.xctest"; sourceTree = BUILT_PRODUCTS_DIR; };
		28A81FB519CD676500FCB1C2 /* Info.plist */ = {isa = PBXFileReference; lastKnownFileType = text.plist.xml; path = Info.plist; sourceTree = "<group>"; };
		28A81FB619CD676500FCB1C2 /* Simple_Yelp_ClientTests.swift */ = {isa = PBXFileReference; lastKnownFileType = sourcecode.swift; path = Simple_Yelp_ClientTests.swift; sourceTree = "<group>"; };
		28AAB6F819CD6B3C001AF43D /* YelpClient.swift */ = {isa = PBXFileReference; fileEncoding = 4; lastKnownFileType = sourcecode.swift; path = YelpClient.swift; sourceTree = "<group>"; };
		28AAB6FA19CD6B66001AF43D /* Simple Yelp Client-Bridging-Header.h */ = {isa = PBXFileReference; lastKnownFileType = sourcecode.c.h; path = "Simple Yelp Client-Bridging-Header.h"; sourceTree = "<group>"; };
		28F17CEB19D1598E00FB4D6F /* SortByCell.swift */ = {isa = PBXFileReference; fileEncoding = 4; lastKnownFileType = sourcecode.swift; path = SortByCell.swift; sourceTree = "<group>"; };
		28F17CED19D2373600FB4D6F /* SearchFilters.swift */ = {isa = PBXFileReference; fileEncoding = 4; lastKnownFileType = sourcecode.swift; path = SearchFilters.swift; sourceTree = "<group>"; };
		28F17CF119D24B6C00FB4D6F /* RadiusCell.swift */ = {isa = PBXFileReference; fileEncoding = 4; lastKnownFileType = sourcecode.swift; path = RadiusCell.swift; sourceTree = "<group>"; };
		28F17CF319D24B8D00FB4D6F /* DealCell.swift */ = {isa = PBXFileReference; fileEncoding = 4; lastKnownFileType = sourcecode.swift; path = DealCell.swift; sourceTree = "<group>"; };
		46D16B86E8C24474AA14ECD0 /* Pods-Simple Yelp Client.xcconfig */ = {isa = PBXFileReference; includeInIndex = 1; lastKnownFileType = text.xcconfig; name = "Pods-Simple Yelp Client.xcconfig"; path = "Pods/Pods-Simple Yelp Client.xcconfig"; sourceTree = "<group>"; };
		F85D6CEA9D4F4014BDF3605A /* libPods-Simple Yelp Client.a */ = {isa = PBXFileReference; explicitFileType = archive.ar; includeInIndex = 0; path = "libPods-Simple Yelp Client.a"; sourceTree = BUILT_PRODUCTS_DIR; };
/* End PBXFileReference section */

/* Begin PBXFrameworksBuildPhase section */
		28A81F9819CD676500FCB1C2 /* Frameworks */ = {
			isa = PBXFrameworksBuildPhase;
			buildActionMask = 2147483647;
			files = (
				867EC72344B440C589B252F5 /* libPods-Simple Yelp Client.a in Frameworks */,
			);
			runOnlyForDeploymentPostprocessing = 0;
		};
		28A81FAD19CD676500FCB1C2 /* Frameworks */ = {
			isa = PBXFrameworksBuildPhase;
			buildActionMask = 2147483647;
			files = (
			);
			runOnlyForDeploymentPostprocessing = 0;
		};
/* End PBXFrameworksBuildPhase section */

/* Begin PBXGroup section */
		28A81F9219CD676500FCB1C2 = {
			isa = PBXGroup;
			children = (
				28A81F9D19CD676500FCB1C2 /* Simple Yelp Client */,
				28A81FB319CD676500FCB1C2 /* Simple Yelp ClientTests */,
				28A81F9C19CD676500FCB1C2 /* Products */,
				46D16B86E8C24474AA14ECD0 /* Pods-Simple Yelp Client.xcconfig */,
				9B27535499ED48C09C6B793F /* Frameworks */,
			);
			sourceTree = "<group>";
		};
		28A81F9C19CD676500FCB1C2 /* Products */ = {
			isa = PBXGroup;
			children = (
				28A81F9B19CD676500FCB1C2 /* Simple Yelp Client.app */,
				28A81FB019CD676500FCB1C2 /* Simple Yelp ClientTests.xctest */,
			);
			name = Products;
			sourceTree = "<group>";
		};
		28A81F9D19CD676500FCB1C2 /* Simple Yelp Client */ = {
			isa = PBXGroup;
			children = (
				28A81FA019CD676500FCB1C2 /* AppDelegate.swift */,
				28AAB6FD19CD6B96001AF43D /* API */,
				28A81FA219CD676500FCB1C2 /* ViewController.swift */,
				281DC63119D0FE6800943CFF /* FilterViewController.swift */,
				28F17CEB19D1598E00FB4D6F /* SortByCell.swift */,
				28A81FA419CD676500FCB1C2 /* Main.storyboard */,
				28A81FA719CD676500FCB1C2 /* Images.xcassets */,
				28A81FA919CD676500FCB1C2 /* LaunchScreen.xib */,
				28A81F9E19CD676500FCB1C2 /* Supporting Files */,
				28AAB6FA19CD6B66001AF43D /* Simple Yelp Client-Bridging-Header.h */,
				2875AFE019CD8707000BAF46 /* YelpCell.swift */,
				28F17CF119D24B6C00FB4D6F /* RadiusCell.swift */,
				28F17CED19D2373600FB4D6F /* SearchFilters.swift */,
				28F17CF319D24B8D00FB4D6F /* DealCell.swift */,
			);
			path = "Simple Yelp Client";
			sourceTree = "<group>";
		};
		28A81F9E19CD676500FCB1C2 /* Supporting Files */ = {
			isa = PBXGroup;
			children = (
				28A81F9F19CD676500FCB1C2 /* Info.plist */,
			);
			name = "Supporting Files";
			sourceTree = "<group>";
		};
		28A81FB319CD676500FCB1C2 /* Simple Yelp ClientTests */ = {
			isa = PBXGroup;
			children = (
				28A81FB619CD676500FCB1C2 /* Simple_Yelp_ClientTests.swift */,
				28A81FB419CD676500FCB1C2 /* Supporting Files */,
			);
			path = "Simple Yelp ClientTests";
			sourceTree = "<group>";
		};
		28A81FB419CD676500FCB1C2 /* Supporting Files */ = {
			isa = PBXGroup;
			children = (
				28A81FB519CD676500FCB1C2 /* Info.plist */,
			);
			name = "Supporting Files";
			sourceTree = "<group>";
		};
		28AAB6FD19CD6B96001AF43D /* API */ = {
			isa = PBXGroup;
			children = (
				28AAB6F819CD6B3C001AF43D /* YelpClient.swift */,
			);
			name = API;
			sourceTree = "<group>";
		};
		9B27535499ED48C09C6B793F /* Frameworks */ = {
			isa = PBXGroup;
			children = (
				F85D6CEA9D4F4014BDF3605A /* libPods-Simple Yelp Client.a */,
			);
			name = Frameworks;
			sourceTree = "<group>";
		};
/* End PBXGroup section */

/* Begin PBXNativeTarget section */
		28A81F9A19CD676500FCB1C2 /* Simple Yelp Client */ = {
			isa = PBXNativeTarget;
			buildConfigurationList = 28A81FBA19CD676500FCB1C2 /* Build configuration list for PBXNativeTarget "Simple Yelp Client" */;
			buildPhases = (
				185016AC725C415A99486BA1 /* Check Pods Manifest.lock */,
				28A81F9719CD676500FCB1C2 /* Sources */,
				28A81F9819CD676500FCB1C2 /* Frameworks */,
				28A81F9919CD676500FCB1C2 /* Resources */,
				5BD2FCCAA56244BFBA6BE7D4 /* Copy Pods Resources */,
			);
			buildRules = (
			);
			dependencies = (
			);
			name = "Simple Yelp Client";
			productName = "Simple Yelp Client";
			productReference = 28A81F9B19CD676500FCB1C2 /* Simple Yelp Client.app */;
			productType = "com.apple.product-type.application";
		};
		28A81FAF19CD676500FCB1C2 /* Simple Yelp ClientTests */ = {
			isa = PBXNativeTarget;
			buildConfigurationList = 28A81FBD19CD676500FCB1C2 /* Build configuration list for PBXNativeTarget "Simple Yelp ClientTests" */;
			buildPhases = (
				28A81FAC19CD676500FCB1C2 /* Sources */,
				28A81FAD19CD676500FCB1C2 /* Frameworks */,
				28A81FAE19CD676500FCB1C2 /* Resources */,
			);
			buildRules = (
			);
			dependencies = (
				28A81FB219CD676500FCB1C2 /* PBXTargetDependency */,
			);
			name = "Simple Yelp ClientTests";
			productName = "Simple Yelp ClientTests";
			productReference = 28A81FB019CD676500FCB1C2 /* Simple Yelp ClientTests.xctest */;
			productType = "com.apple.product-type.bundle.unit-test";
		};
/* End PBXNativeTarget section */

/* Begin PBXProject section */
		28A81F9319CD676500FCB1C2 /* Project object */ = {
			isa = PBXProject;
			attributes = {
				LastUpgradeCheck = 0600;
				ORGANIZATIONNAME = "Amit Bharadwaj";
				TargetAttributes = {
					28A81F9A19CD676500FCB1C2 = {
						CreatedOnToolsVersion = 6.0;
					};
					28A81FAF19CD676500FCB1C2 = {
						CreatedOnToolsVersion = 6.0;
						TestTargetID = 28A81F9A19CD676500FCB1C2;
					};
				};
			};
			buildConfigurationList = 28A81F9619CD676500FCB1C2 /* Build configuration list for PBXProject "Simple Yelp Client" */;
			compatibilityVersion = "Xcode 3.2";
			developmentRegion = English;
			hasScannedForEncodings = 0;
			knownRegions = (
				en,
				Base,
			);
			mainGroup = 28A81F9219CD676500FCB1C2;
			productRefGroup = 28A81F9C19CD676500FCB1C2 /* Products */;
			projectDirPath = "";
			projectRoot = "";
			targets = (
				28A81F9A19CD676500FCB1C2 /* Simple Yelp Client */,
				28A81FAF19CD676500FCB1C2 /* Simple Yelp ClientTests */,
			);
		};
/* End PBXProject section */

/* Begin PBXResourcesBuildPhase section */
		28A81F9919CD676500FCB1C2 /* Resources */ = {
			isa = PBXResourcesBuildPhase;
			buildActionMask = 2147483647;
			files = (
				28A81FA619CD676500FCB1C2 /* Main.storyboard in Resources */,
				28A81FAB19CD676500FCB1C2 /* LaunchScreen.xib in Resources */,
				28A81FA819CD676500FCB1C2 /* Images.xcassets in Resources */,
			);
			runOnlyForDeploymentPostprocessing = 0;
		};
		28A81FAE19CD676500FCB1C2 /* Resources */ = {
			isa = PBXResourcesBuildPhase;
			buildActionMask = 2147483647;
			files = (
			);
			runOnlyForDeploymentPostprocessing = 0;
		};
/* End PBXResourcesBuildPhase section */

/* Begin PBXShellScriptBuildPhase section */
		185016AC725C415A99486BA1 /* Check Pods Manifest.lock */ = {
			isa = PBXShellScriptBuildPhase;
			buildActionMask = 2147483647;
			files = (
			);
			inputPaths = (
			);
			name = "Check Pods Manifest.lock";
			outputPaths = (
			);
			runOnlyForDeploymentPostprocessing = 0;
			shellPath = /bin/sh;
			shellScript = "diff \"${PODS_ROOT}/../Podfile.lock\" \"${PODS_ROOT}/Manifest.lock\" > /dev/null\nif [[ $? != 0 ]] ; then\n    cat << EOM\nerror: The sandbox is not in sync with the Podfile.lock. Run 'pod install' or update your CocoaPods installation.\nEOM\n    exit 1\nfi\n";
			showEnvVarsInLog = 0;
		};
		5BD2FCCAA56244BFBA6BE7D4 /* Copy Pods Resources */ = {
			isa = PBXShellScriptBuildPhase;
			buildActionMask = 2147483647;
			files = (
			);
			inputPaths = (
			);
			name = "Copy Pods Resources";
			outputPaths = (
			);
			runOnlyForDeploymentPostprocessing = 0;
			shellPath = /bin/sh;
			shellScript = "\"${SRCROOT}/Pods/Pods-Simple Yelp Client-resources.sh\"\n";
			showEnvVarsInLog = 0;
		};
/* End PBXShellScriptBuildPhase section */

/* Begin PBXSourcesBuildPhase section */
		28A81F9719CD676500FCB1C2 /* Sources */ = {
			isa = PBXSourcesBuildPhase;
			buildActionMask = 2147483647;
			files = (
				28A81FA319CD676500FCB1C2 /* ViewController.swift in Sources */,
				28AAB6F919CD6B3C001AF43D /* YelpClient.swift in Sources */,
				28A81FA119CD676500FCB1C2 /* AppDelegate.swift in Sources */,
				28F17CF219D24B6C00FB4D6F /* RadiusCell.swift in Sources */,
				2875AFE119CD8707000BAF46 /* YelpCell.swift in Sources */,
				28F17CEC19D1598E00FB4D6F /* SortByCell.swift in Sources */,
				28F17CF419D24B8D00FB4D6F /* DealCell.swift in Sources */,
				28F17CEE19D2373600FB4D6F /* SearchFilters.swift in Sources */,
				281DC63219D0FE6800943CFF /* FilterViewController.swift in Sources */,
			);
			runOnlyForDeploymentPostprocessing = 0;
		};
		28A81FAC19CD676500FCB1C2 /* Sources */ = {
			isa = PBXSourcesBuildPhase;
			buildActionMask = 2147483647;
			files = (
				28A81FB719CD676500FCB1C2 /* Simple_Yelp_ClientTests.swift in Sources */,
			);
			runOnlyForDeploymentPostprocessing = 0;
		};
/* End PBXSourcesBuildPhase section */

/* Begin PBXTargetDependency section */
		28A81FB219CD676500FCB1C2 /* PBXTargetDependency */ = {
			isa = PBXTargetDependency;
			target = 28A81F9A19CD676500FCB1C2 /* Simple Yelp Client */;
			targetProxy = 28A81FB119CD676500FCB1C2 /* PBXContainerItemProxy */;
		};
/* End PBXTargetDependency section */

/* Begin PBXVariantGroup section */
		28A81FA419CD676500FCB1C2 /* Main.storyboard */ = {
			isa = PBXVariantGroup;
			children = (
				28A81FA519CD676500FCB1C2 /* Base */,
			);
			name = Main.storyboard;
			sourceTree = "<group>";
		};
		28A81FA919CD676500FCB1C2 /* LaunchScreen.xib */ = {
			isa = PBXVariantGroup;
			children = (
				28A81FAA19CD676500FCB1C2 /* Base */,
			);
			name = LaunchScreen.xib;
			sourceTree = "<group>";
		};
/* End PBXVariantGroup section */

/* Begin XCBuildConfiguration section */
		28A81FB819CD676500FCB1C2 /* Debug */ = {
			isa = XCBuildConfiguration;
			buildSettings = {
				ALWAYS_SEARCH_USER_PATHS = NO;
				CLANG_CXX_LANGUAGE_STANDARD = "gnu++0x";
				CLANG_CXX_LIBRARY = "libc++";
				CLANG_ENABLE_MODULES = YES;
				CLANG_ENABLE_OBJC_ARC = YES;
				CLANG_WARN_BOOL_CONVERSION = YES;
				CLANG_WARN_CONSTANT_CONVERSION = YES;
				CLANG_WARN_DIRECT_OBJC_ISA_USAGE = YES_ERROR;
				CLANG_WARN_EMPTY_BODY = YES;
				CLANG_WARN_ENUM_CONVERSION = YES;
				CLANG_WARN_INT_CONVERSION = YES;
				CLANG_WARN_OBJC_ROOT_CLASS = YES_ERROR;
				CLANG_WARN_UNREACHABLE_CODE = YES;
				CLANG_WARN__DUPLICATE_METHOD_MATCH = YES;
				"CODE_SIGN_IDENTITY[sdk=iphoneos*]" = "iPhone Developer";
				COPY_PHASE_STRIP = NO;
				ENABLE_STRICT_OBJC_MSGSEND = YES;
				GCC_C_LANGUAGE_STANDARD = gnu99;
				GCC_DYNAMIC_NO_PIC = NO;
				GCC_OPTIMIZATION_LEVEL = 0;
				GCC_PREPROCESSOR_DEFINITIONS = (
					"DEBUG=1",
					"$(inherited)",
				);
				GCC_SYMBOLS_PRIVATE_EXTERN = NO;
				GCC_WARN_64_TO_32_BIT_CONVERSION = YES;
				GCC_WARN_ABOUT_RETURN_TYPE = YES_ERROR;
				GCC_WARN_UNDECLARED_SELECTOR = YES;
				GCC_WARN_UNINITIALIZED_AUTOS = YES_AGGRESSIVE;
				GCC_WARN_UNUSED_FUNCTION = YES;
				GCC_WARN_UNUSED_VARIABLE = YES;
				IPHONEOS_DEPLOYMENT_TARGET = 8.0;
				MTL_ENABLE_DEBUG_INFO = YES;
				ONLY_ACTIVE_ARCH = YES;
				SDKROOT = iphoneos;
				SWIFT_OPTIMIZATION_LEVEL = "-Onone";
			};
			name = Debug;
		};
		28A81FB919CD676500FCB1C2 /* Release */ = {
			isa = XCBuildConfiguration;
			buildSettings = {
				ALWAYS_SEARCH_USER_PATHS = NO;
				CLANG_CXX_LANGUAGE_STANDARD = "gnu++0x";
				CLANG_CXX_LIBRARY = "libc++";
				CLANG_ENABLE_MODULES = YES;
				CLANG_ENABLE_OBJC_ARC = YES;
				CLANG_WARN_BOOL_CONVERSION = YES;
				CLANG_WARN_CONSTANT_CONVERSION = YES;
				CLANG_WARN_DIRECT_OBJC_ISA_USAGE = YES_ERROR;
				CLANG_WARN_EMPTY_BODY = YES;
				CLANG_WARN_ENUM_CONVERSION = YES;
				CLANG_WARN_INT_CONVERSION = YES;
				CLANG_WARN_OBJC_ROOT_CLASS = YES_ERROR;
				CLANG_WARN_UNREACHABLE_CODE = YES;
				CLANG_WARN__DUPLICATE_METHOD_MATCH = YES;
				"CODE_SIGN_IDENTITY[sdk=iphoneos*]" = "iPhone Developer";
				COPY_PHASE_STRIP = YES;
				ENABLE_NS_ASSERTIONS = NO;
				ENABLE_STRICT_OBJC_MSGSEND = YES;
				GCC_C_LANGUAGE_STANDARD = gnu99;
				GCC_WARN_64_TO_32_BIT_CONVERSION = YES;
				GCC_WARN_ABOUT_RETURN_TYPE = YES_ERROR;
				GCC_WARN_UNDECLARED_SELECTOR = YES;
				GCC_WARN_UNINITIALIZED_AUTOS = YES_AGGRESSIVE;
				GCC_WARN_UNUSED_FUNCTION = YES;
				GCC_WARN_UNUSED_VARIABLE = YES;
				IPHONEOS_DEPLOYMENT_TARGET = 8.0;
				MTL_ENABLE_DEBUG_INFO = NO;
				SDKROOT = iphoneos;
				VALIDATE_PRODUCT = YES;
			};
			name = Release;
		};
		28A81FBB19CD676500FCB1C2 /* Debug */ = {
			isa = XCBuildConfiguration;
			baseConfigurationReference = 46D16B86E8C24474AA14ECD0 /* Pods-Simple Yelp Client.xcconfig */;
			buildSettings = {
				ASSETCATALOG_COMPILER_APPICON_NAME = AppIcon;
				CLANG_ENABLE_MODULES = YES;
				INFOPLIST_FILE = "Simple Yelp Client/Info.plist";
				LD_RUNPATH_SEARCH_PATHS = "$(inherited) @executable_path/Frameworks";
				PRODUCT_NAME = "$(TARGET_NAME)";
				SWIFT_OBJC_BRIDGING_HEADER = "Simple Yelp Client/Simple Yelp Client-Bridging-Header.h";
				SWIFT_OPTIMIZATION_LEVEL = "-Onone";
			};
			name = Debug;
		};
		28A81FBC19CD676500FCB1C2 /* Release */ = {
			isa = XCBuildConfiguration;
			baseConfigurationReference = 46D16B86E8C24474AA14ECD0 /* Pods-Simple Yelp Client.xcconfig */;
			buildSettings = {
				ASSETCATALOG_COMPILER_APPICON_NAME = AppIcon;
				CLANG_ENABLE_MODULES = YES;
				INFOPLIST_FILE = "Simple Yelp Client/Info.plist";
				LD_RUNPATH_SEARCH_PATHS = "$(inherited) @executable_path/Frameworks";
				PRODUCT_NAME = "$(TARGET_NAME)";
				SWIFT_OBJC_BRIDGING_HEADER = "Simple Yelp Client/Simple Yelp Client-Bridging-Header.h";
			};
			name = Release;
		};
		28A81FBE19CD676500FCB1C2 /* Debug */ = {
			isa = XCBuildConfiguration;
			buildSettings = {
				BUNDLE_LOADER = "$(TEST_HOST)";
				FRAMEWORK_SEARCH_PATHS = (
					"$(SDKROOT)/Developer/Library/Frameworks",
					"$(inherited)",
				);
				GCC_PREPROCESSOR_DEFINITIONS = (
					"DEBUG=1",
					"$(inherited)",
				);
				INFOPLIST_FILE = "Simple Yelp ClientTests/Info.plist";
				LD_RUNPATH_SEARCH_PATHS = "$(inherited) @executable_path/Frameworks @loader_path/Frameworks";
				PRODUCT_NAME = "$(TARGET_NAME)";
				TEST_HOST = "$(BUILT_PRODUCTS_DIR)/Simple Yelp Client.app/Simple Yelp Client";
			};
			name = Debug;
		};
		28A81FBF19CD676500FCB1C2 /* Release */ = {
			isa = XCBuildConfiguration;
			buildSettings = {
				BUNDLE_LOADER = "$(TEST_HOST)";
				FRAMEWORK_SEARCH_PATHS = (
					"$(SDKROOT)/Developer/Library/Frameworks",
					"$(inherited)",
				);
				INFOPLIST_FILE = "Simple Yelp ClientTests/Info.plist";
				LD_RUNPATH_SEARCH_PATHS = "$(inherited) @executable_path/Frameworks @loader_path/Frameworks";
				PRODUCT_NAME = "$(TARGET_NAME)";
				TEST_HOST = "$(BUILT_PRODUCTS_DIR)/Simple Yelp Client.app/Simple Yelp Client";
			};
			name = Release;
		};
/* End XCBuildConfiguration section */

/* Begin XCConfigurationList section */
		28A81F9619CD676500FCB1C2 /* Build configuration list for PBXProject "Simple Yelp Client" */ = {
			isa = XCConfigurationList;
			buildConfigurations = (
				28A81FB819CD676500FCB1C2 /* Debug */,
				28A81FB919CD676500FCB1C2 /* Release */,
			);
			defaultConfigurationIsVisible = 0;
			defaultConfigurationName = Release;
		};
		28A81FBA19CD676500FCB1C2 /* Build configuration list for PBXNativeTarget "Simple Yelp Client" */ = {
			isa = XCConfigurationList;
			buildConfigurations = (
				28A81FBB19CD676500FCB1C2 /* Debug */,
				28A81FBC19CD676500FCB1C2 /* Release */,
			);
			defaultConfigurationIsVisible = 0;
			defaultConfigurationName = Release;
		};
		28A81FBD19CD676500FCB1C2 /* Build configuration list for PBXNativeTarget "Simple Yelp ClientTests" */ = {
			isa = XCConfigurationList;
			buildConfigurations = (
				28A81FBE19CD676500FCB1C2 /* Debug */,
				28A81FBF19CD676500FCB1C2 /* Release */,
			);
			defaultConfigurationIsVisible = 0;
			defaultConfigurationName = Release;
		};
/* End XCConfigurationList section */
	};
	rootObject = 28A81F9319CD676500FCB1C2 /* Project object */;
}
